
Microsoft Visual Studio Solution File, Format Version 12.00
# Visual Studio Version 17
VisualStudioVersion = 17.2.32516.85
MinimumVisualStudioVersion = 10.0.40219.1
Project("{FAE04EC0-301F-11D3-BF4B-00C04F79EFBC}") = "LearnMVC", "LearnMVC.csproj", "{CDA1F7C8-B985-480E-9CBD-D693F7B1BD0D}"
EndProject
Global
	GlobalSection(SolutionConfigurationPlatforms) = preSolution
		Debug|Any CPU = Debug|Any CPU
		Release|Any CPU = Release|Any CPU
	EndGlobalSection
	GlobalSection(ProjectConfigurationPlatforms) = postSolution
		{CDA1F7C8-B985-480E-9CBD-D693F7B1BD0D}.Debug|Any CPU.ActiveCfg = Debug|Any CPU
		{CDA1F7C8-B985-480E-9CBD-D693F7B1BD0D}.Debug|Any CPU.Build.0 = Debug|Any CPU
		{CDA1F7C8-B985-480E-9CBD-D693F7B1BD0D}.Release|Any CPU.ActiveCfg = Release|Any CPU
		{CDA1F7C8-B985-480E-9CBD-D693F7B1BD0D}.Release|Any CPU.Build.0 = Release|Any CPU
	EndGlobalSection
	GlobalSection(SolutionProperties) = preSolution
		HideSolutionNode = FALSE
	EndGlobalSection
	GlobalSection(ExtensibilityGlobals) = postSolution
		SolutionGuid = {566D4C3B-08E3-4427-9ADA-7E20E795CE45}
	EndGlobalSection
EndGlobal
